version = 1
revision = 3
requires-python = "==3.11.*"

[[package]]
name = "annotated-types"
version = "0.8.0"
source = { registry = "https://pypi.org/simple" }
sdist = { url = "https://files.pythonhosted.org/packages/5f/56/a8120250d128bed162cd73c76d45f6ef9991f3e068f62a8ee060afa3104a/annotated_types-0.8.0.tar.gz", hash = "sha256:13b2beaad985e05e2d6407ee4c4f35590b11f8d693a258a561055cac8f64cab7", size = 15893, upload-time = "2026-07-23T20:16:13.995Z" }
wheels = [
    { url = "https://files.pythonhosted.org/packages/99/91/8acff4f5e50511b911bbccb72b8628a49c68ce14148cd9f6431094859a90/annotated_types-0.8.0-py3-none-any.whl", hash = "sha256:f072f4d804ea359e4eaf198b1af7a8b0943881a87f31bb764f8bf219bb9419e0", size = 13427, upload-time = "2026-07-23T20:16:12.938Z" },
]

[[package]]
name = "certifi"
version = "2026.7.22"
source = { registry = "https://pypi.org/simple" }
sdist = { url = "https://files.pythonhosted.org/packages/a3/c2/24167ea9858356b47a87a50d39908bfdb72ceeefe0041586e704e5376b3a/certifi-2026.7.22.tar.gz", hash = "sha256:741e2c3b351ddf169a738da9f2c048608ff7f2c5cc02f1ebc6b118bb090d5d55", size = 138112, upload-time = "2026-07-22T03:35:12.644Z" }
wheels = [
    { url = "https://files.pythonhosted.org/packages/0b/a7/71ac2cff56fec219ed242bb11b8efb69fcc4bec75db06fb7bfe35de520e6/certifi-2026.7.22-py3-none-any.whl", hash = "sha256:62f22742b58a1a33014a2b6b706588a8d7e2a88ae7bd1a6ebe8c992928483775", size = 136983, upload-time = "2026-07-22T03:35:11.276Z" },
]

[[package]]
name = "charset-normalizer"
version = "3.5.2"
source = { registry = "https://pypi.org/simple" }
sdist = { url = "https://files.pythonhosted.org/packages/33/1c/f41d4e74c28ab327ff3acd36053f7ea506c55872d7a90b0fa71aa3ab0c89/charset_normalizer-3.5.2.tar.gz", hash = "sha256:39de2a259fc954455c57274dc94c79d5842774e1247a016aff30bc0efed0f4ef", size = 172659, upload-time = "2026-09-30T04:39:23.398Z" }
wheels = [
    { url = "https://files.pythonhosted.org/packages/22/67/6a0b94a7960d5e1b5eacd2fb529f3fccc47db4644f7f0a7cfdcfc3be578a/charset_normalizer-3.5.2-cp311-cp311-macosx_10_9_universal2.whl", hash = "sha256:3d21b8b13c7592db2ac5e544a6d83187b995257472b0c9e8351b6d507ae37ed6", size = 370642, upload-time = "2026-09-30T04:35:06.91Z" },
    { url = "https://files.pythonhosted.org/packages/fb/94/01009e13b94041599004edf32e56e382c24e570f60f79bab8efe45cfe1eb/charset_normalizer-3.5.2-cp311-cp311-manylinux2014_aarch64.manylinux_2_17_aarch64.manylinux_2_28_aarch64.whl", hash = "sha256:d760fe2a4d7c3b226cb9026d6a842868d52a7901bd98420e1baf14e80da85cf5", size = 259280, upload-time = "2026-09-30T04:35:08.448Z" },
    { url = "https://files.pythonhosted.org/packages/66/85/3b5358f60a13210f0b67d3755c168ef758701b021e655d88d4da28554467/charset_normalizer-3.5.2-cp311-cp311-manylinux2014_armv7l.manylinux_2_17_armv7l.manylinux_2_31_armv7l.whl", hash = "sha256:c9790464842f85f437dbbb54417eda1e0e6bfc52dd8d22d6fd1c994b73b2dc74", size = 245335, upload-time = "2026-09-30T04:35:10.104Z" },
    { url = "https://files.pythonhosted.org/packages/74/75/77c1c479b09ecd751d1e767b251ea5c14d4d50ff757bf404afab2692f600/charset_normalizer-3.5.2-cp311-cp311-manylinux2014_ppc64le.manylinux_2_17_ppc64le.manylinux_2_28_ppc64le.whl", hash = "sha256:4685902cf26edf013ed7a3da0f426ebba7a00ebb9541386d835afbf002c11cab", size = 291707, upload-time = "2026-09-30T04:35:11.575Z" },
    { url = "https://files.pythonhosted.org/packages/0b/0d/363f78cacb70f58f15f4b083961bbd9d292f335d3f5c66fc4f1cfe69cb90/charset_normalizer-3.5.2-cp311-cp311-manylinux2014_s390x.manylinux_2_17_s390x.manylinux_2_28_s390x.whl", hash = "sha256:4495c5002a7b28557e7e222e77e0b661183e432b7d6d2e788101e3f240e05b8c", size = 286747, upload-time = "2026-09-30T04:35:13.022Z" },
    { url = "https://files.pythonhosted.org/packages/e4/ed/cf505d3011ffceb12c2067a7a5d3cfe92b875d4d44bb0ff0d69375e2c184/charset_normalizer-3.5.2-cp311-cp311-manylinux2014_x86_64.manylinux_2_17_x86_64.manylinux_2_28_x86_64.whl", hash = "sha256:211d5a3eb6af8f513b8d4ca19a8c1b7accab1b5f0d3175f9826b03c1a920dc1f", size = 269972, upload-time = "2026-09-30T04:35:14.606Z" },
    { url = "https://files.pythonhosted.org/packages/15/d8/f0a93a431d170e7ca681d4f6650fee3de934d18560e474e7267eb4b0f987/charset_normalizer-3.5.2-cp311-cp311-manylinux_2_31_riscv64.manylinux_2_39_riscv64.whl", hash = "sha256:ef4fcbf3327382cd4c9f540babd61248208af7b93eec4de397b4d5f58a09e288", size = 269339, upload-time = "2026-09-30T04:35:16.087Z" },
    { url = "https://files.pythonhosted.org/packages/86/bd/9b2bd1c5b7af02462c9752d33994834ff972a96b4c483eefde9e594488e2/charset_normalizer-3.5.2-cp311-cp311-musllinux_1_2_aarch64.whl", hash = "sha256:bd16aabe4a02a297c23417aa17ac6299dbd8c49f673bcd645b4929b11f5a4400", size = 261683, upload-time = "2026-09-30T04:35:17.488Z" },
    { url = "https://files.pythonhosted.org/packages/76/a5/cac540ab0fd61f3fec88ad3dbb64509e71424593d73cfdfff5ab3e4db279/charset_normalizer-3.5.2-cp311-cp311-musllinux_1_2_armv7l.whl", hash = "sha256:fb9e68df06293761f9fe66ade60a9bc6d0f5e42b8acf2939a9158af86ab0e5bd", size = 248143, upload-time = "2026-09-30T04:35:18.849Z" },
    { url = "https://files.pythonhosted.org/packages/71/7a/ff467301deef2089fad87f72df9e000a26a78fec7acbb18e1999371b8369/charset_normalizer-3.5.2-cp311-cp311-musllinux_1_2_ppc64le.whl", hash = "sha256:59f63901b0031c3136cf64704dcb21de0bbae62ce2c9529bc39d27665463de37", size = 292358, upload-time = "2026-09-30T04:35:20.326Z" },
    { url = "https://files.pythonhosted.org/packages/ad/77/22d7e785d1e210afc2e2f58600dd1799d17a35665faf84383f002826c5f8/charset_normalizer-3.5.2-cp311-cp311-musllinux_1_2_riscv64.whl", hash = "sha256:304d5463e65a35d7bb0850550e0780395395f6fcf452f04db7d5ca7cecc425ac", size = 268766, upload-time = "2026-09-30T04:35:21.72Z" },
    { url = "https://files.pythonhosted.org/packages/ae/91/e8e946267f1c2d9e2bd651726e2fbd2addf02c4d36cea5069e32ca9d7bb5/charset_normalizer-3.5.2-cp311-cp311-musllinux_1_2_s390x.whl", hash = "sha256:9cf9b1a857e25c4baceeb3624e92a56df3668f398c4acba74e174d81fb4d1d3a", size = 287432, upload-time = "2026-09-30T04:35:23.273Z" },
    { url = "https://files.pythonhosted.org/packages/4e/88/7561d8a88d555e7df6623abe7c0070b4baf47549b9408783a2ae0a1a6cf7/charset_normalizer-3.5.2-cp311-cp311-musllinux_1_2_x86_64.whl", hash = "sha256:114e4d0c92d618409ed82a99e22b5c5e768fe995f2973f78265f4524f49d4640", size = 272470, upload-time = "2026-09-30T04:35:24.655Z" },
    { url = "https://files.pythonhosted.org/packages/35/7e/578c702301ec036f01455f30744a08d2b42f6ab35b9b2d4bf8cae0ef2a80/charset_normalizer-3.5.2-cp311-cp311-win32.whl", hash = "sha256:2625388c6c754520c37abaf3b41eb34d1cc4a373f457898f08606c8e362b891d", size = 186688, upload-time = "2026-09-30T04:35:26.225Z" },
    { url = "https://files.pythonhosted.org/packages/e8/fc/fdf8cf52ff21cd5bf158f20978991cf985325842f74283eb6df26c8a39d8/charset_normalizer-3.5.2-cp311-cp311-win_amd64.whl", hash = "sha256:87e50a3e7cb90af586b6c5faf23e302a970415ac73bd7bd90a515a04b427ef96", size = 214932, upload-time = "2026-09-30T04:35:27.796Z" },
    { url = "https://files.pythonhosted.org/packages/97/66/3e45a506d8110b632541faf9a9470185aa9878f1ed44020f31346c1c5e5b/charset_normalizer-3.5.2-cp311-cp311-win_arm64.whl", hash = "sha256:254eb48b9fa5ee9898a3c445825a1f340fe53712a098904b39b0bddba8ea3cb1", size = 202828, upload-time = "2026-09-30T04:35:29.259Z" },
    { url = "https://files.pythonhosted.org/packages/8c/ab/176fbfd5b64939c55d652366aa5b9ef1d767af207a3aa6ebeb0d226c484d/charset_normalizer-3.5.2-cp37-abi3-macosx_10_9_universal2.whl", hash = "sha256:4275811936e2f06feff5e598fb42a1b7ae852da8e39605211892b56b81a34efd", size = 331815, upload-time = "2026-09-30T04:38:26.216Z" },
    { url = "https://files.pythonhosted.org/packages/7e/84/371eac6b30bdbcbf2d632a1a01809103459216fcaae61b8b8d922c1bfb8a/charset_normalizer-3.5.2-cp37-abi3-manylinux1_x86_64.manylinux_2_28_x86_64.manylinux_2_5_x86_64.whl", hash = "sha256:1c50fe28bbc2ced33386f298650d91218076c05420e6cbd790b913adc41659e7", size = 253276, upload-time = "2026-09-30T04:38:28.032Z" },
    { url = "https://files.pythonhosted.org/packages/43/6f/c4fbae58febff71709c51bc7e18fdfa55341dc382704740f9f0cbf03817b/charset_normalizer-3.5.2-cp37-abi3-manylinux2014_aarch64.manylinux_2_17_aarch64.manylinux_2_28_aarch64.whl", hash = "sha256:d19fbd981a488e22cd04883659ca6b08f50b5974f9fd7c95655ef6a043e5893f", size = 241239, upload-time = "2026-09-30T04:38:29.732Z" },
    { url = "https://files.pythonhosted.org/packages/61/71/458c3f42164a07d0c5210798e9e704b39e540a6793b05aba67f3a35243a9/charset_normalizer-3.5.2-cp37-abi3-manylinux2014_armv7l.manylinux_2_17_armv7l.manylinux_2_31_armv7l.whl", hash = "sha256:0fed1d06615f022ee3b13caf5e8b180cfea32bb2c5aded8a9d44277afc040f93", size = 231121, upload-time = "2026-09-30T04:38:31.462Z" },
    { url = "https://files.pythonhosted.org/packages/09/54/ab9e89367076f6331bb6c65c4bf14a5361fa5191cb6561bf534f18504e1b/charset_normalizer-3.5.2-cp37-abi3-manylinux2014_ppc64le.manylinux_2_17_ppc64le.manylinux_2_28_ppc64le.whl", hash = "sha256:838dcc90063569a0448120554591a1d6c4a4ffe11babf048908793154ab86ade", size = 260350, upload-time = "2026-09-30T04:38:33.239Z" },
    { url = "https://files.pythonhosted.org/packages/7c/c1/061431ecc688d9d76602502cb57cc01e691e682c18f1beb45f9673b5bbd2/charset_normalizer-3.5.2-cp37-abi3-manylinux2014_s390x.manylinux_2_17_s390x.manylinux_2_28_s390x.whl", hash = "sha256:2ce45c6627b22c47e390bc91a41c3d13032192e699fa0bea96e9671b373d69b0", size = 255430, upload-time = "2026-09-30T04:38:34.865Z" },
    { url = "https://files.pythonhosted.org/packages/8d/1f/20c8949f0676f7ab811abdeb7f4d7f1cbc6e61ff20bef08b44edeb092bc8/charset_normalizer-3.5.2-cp37-abi3-manylinux_2_31_riscv64.manylinux_2_39_riscv64.whl", hash = "sha256:0774bf9bf620249fee3e0b8b9fd3065de213be30f3aa94ce2494b3b638949e26", size = 250612, upload-time = "2026-09-30T04:38:36.649Z" },
    { url = "https://files.pythonhosted.org/packages/2b/9e/46f2fa4c431fc98c4ae76a8cb5bdca54e0341e3cfc3fcfd8e82740250818/charset_normalizer-3.5.2-cp37-abi3-musllinux_1_2_aarch64.whl", hash = "sha256:1db38f4c5496827c1a501846d64d14c3b80c7e6714e406cd7dc36a9899fa1011", size = 242083, upload-time = "2026-09-30T04:38:38.26Z" },
    { url = "https://files.pythonhosted.org/packages/bd/39/559be29a0c0f086e0bba6922babd38916cc5e0b58ced4de13ee01ea05508/charset_normalizer-3.5.2-cp37-abi3-musllinux_1_2_armv7l.whl", hash = "sha256:304d8e4d493af723536393eee0c689eb7813f4a474c8b479dee63f1fdd98f621", size = 232738, upload-time = "2026-09-30T04:38:39.81Z" },
    { url = "https://files.pythonhosted.org/packages/ff/6c/387b0e4f756a282831c1d9fc6aeb6c51ca4507ca202767c8de15ce9b12e2/charset_normalizer-3.5.2-cp37-abi3-musllinux_1_2_ppc64le.whl", hash = "sha256:9b7f416ff0978e2f2249330527f0ad6fa02f4932e6199692d3b52da2048c19e4", size = 260703, upload-time = "2026-09-30T04:38:41.346Z" },
    { url = "https://files.pythonhosted.org/packages/96/92/1fdf015f09ef449f50d3ac4b67c90887c9c318b727daa95cc4f866e6521d/charset_normalizer-3.5.2-cp37-abi3-musllinux_1_2_riscv64.whl", hash = "sha256:01077390b03f7988f11d700a2194e69b119741a86b1a638b1db88891e3eced8e", size = 247622, upload-time = "2026-09-30T04:38:42.937Z" },
    { url = "https://files.pythonhosted.org/packages/dc/3c/8e7b8a5671ad5d433669fb2a76f1a0164df2d9b1718b0206bc2a16d840cc/charset_normalizer-3.5.2-cp37-abi3-musllinux_1_2_s390x.whl", hash = "sha256:7e841fb9010836c992c9f12fcbd43a831de93a5f726fc1ccd8ca1d0268c5014c", size = 257500, upload-time = "2026-09-30T04:38:44.604Z" },
    { url = "https://files.pythonhosted.org/packages/b4/f0/45b579df5cabc1d5d53ea1cc35e8437d3ca768c0acccc7041517cb6fbb32/charset_normalizer-3.5.2-cp37-abi3-musllinux_1_2_x86_64.whl", hash = "sha256:9cae88599c7219005d879f98e5ed53341e9a122af585e1091200358a3003d2a0", size = 255100, upload-time = "2026-09-30T04:38:46.289Z" },
    { url = "https://files.pythonhosted.org/packages/31/68/fdec18a343f5fb3f310588dd478b09ac4799e0b187dbade3a8cd776f03ef/charset_normalizer-3.5.2-cp37-abi3-win32.whl", hash = "sha256:01b0c0d2262a9e28e8484a278c7e1b5d650e3ac8cf2683d2967e25899f208bdf", size = 174499, upload-time = "2026-09-30T04:38:47.999Z" },
    { url = "https://files.pythonhosted.org/packages/9d/8a/b618149cc5207943a0242068d7a27897f56a62947b5a039085f2a22029f8/charset_normalizer-3.5.2-cp37-abi3-win_amd64.whl", hash = "sha256:9f56f72050826f63dcee7a7f55b0a77168cb3bfc553fd405e7f8f9ece75a4036", size = 200092, upload-time = "2026-09-30T04:38:49.707Z" },
    { url = "https://files.pythonhosted.org/packages/03/cf/4c66866fa9e2b1c78e3c911516d1de497a677b7ac60f1eceda74ce777ca3/charset_normalizer-3.5.2-cp37-abi3-win_arm64.whl", hash = "sha256:40ab6bffa02ae10a0581e6c198be7d2d8ca5c2a0c64e4ed3465d766df457573e", size = 294363, upload-time = "2026-09-30T04:38:51.312Z" },
    { url = "https://files.pythonhosted.org/packages/fc/ad/d07d7862a62ffa6d79d68074d14823243dd235a77c45262acbf6adeb28bf/charset_normalizer-3.5.2-py3-none-any.whl", hash = "sha256:b6b751274acb69d77b3323d6b7dbaa3c7fdfc1eb829b7eb61d262f32e1af9685", size = 68872, upload-time = "2026-09-30T04:39:21.828Z" },
]

[[package]]
name = "colorama"
version = "0.4.6"
source = { registry = "https://pypi.org/simple" }
sdist = { url = "https://files.pythonhosted.org/packages/d8/53/6f443c9a4a8358a93a6792e2acffb9d9d5cb0a5cfd8802644b7b1c9a02e4/colorama-0.4.6.tar.gz", hash = "sha256:08695f5cb7ed6e0531a20572697297273c47b8cae5a63ffc6d6ed5c201be6e44", size = 27697, upload-time = "2022-10-25T02:36:22.414Z" }
wheels = [
    { url = "https://files.pythonhosted.org/packages/d1/d6/3965ed04c63042e047cb6a3e6ed1a63a35087b6a609aa3a15ed8ac56c221/colorama-0.4.6-py2.py3-none-any.whl", hash = "sha256:4f1d9991f5acc0ca119f9d443620b77f9d6b33703e51011c16baf57afb285fc6", size = 25335, upload-time = "2022-10-25T02:36:20.889Z" },
]

[[package]]
name = "confluent-kafka"
version = "2.6.0"
source = { registry = "https://pypi.org/simple" }
sdist = { url = "https://files.pythonhosted.org/packages/cf/b0/164b7e8afb80bf5ff7fc25f793b37f6e5cc118d05fbd6b5e6d4a484a7634/confluent-kafka-2.6.0.tar.gz", hash = "sha256:f7afe69639bd2ab15404dd46a76e06213342a23cb5642d873342847cb2198c87", size = 138921, upload-time = "2024-10-10T22:40:39.347Z" }
wheels = [
    { url = "https://files.pythonhosted.org/packages/2c/05/aefd26cf1f1e775c59c6e75e155b498c4534ada273d6d5850319779881e3/confluent_kafka-2.6.0-cp311-cp311-macosx_10_9_x86_64.whl", hash = "sha256:b6343f83052c6a6234a9c12cfa764a8b7440dbe0d293027606e314827fa7ad6a", size = 3421335, upload-time = "2024-10-10T22:38:15.848Z" },
    { url = "https://files.pythonhosted.org/packages/77/48/02b979c103c698862af476862d7be967810d94c6055ad6389574789139e5/confluent_kafka-2.6.0-cp311-cp311-macosx_11_0_arm64.whl", hash = "sha256:1a26e91200bbd0f09effe4d2f3b524c959c4a8925b62cb022676aeb223195f96", size = 2952599, upload-time = "2024-10-10T22:38:18.571Z" },
    { url = "https://files.pythonhosted.org/packages/08/8f/255f0af1574d72cd6a0cdc32e928836225042f8c8612a3cd97c79ed3c259/confluent_kafka-2.6.0-cp311-cp311-manylinux_2_28_aarch64.whl", hash = "sha256:6830b17a7c2253b95b873b3cf0fe877ce882e348cfcf9d4d939ade5626f87b1d", size = 15134371, upload-time = "2024-10-10T22:38:25.992Z" },
    { url = "https://files.pythonhosted.org/packages/24/9c/de07ae5103e2b6a6592eabb04dbace223d27226bceed4a540d862be0c712/confluent_kafka-2.6.0-cp311-cp311-manylinux_2_28_x86_64.whl", hash = "sha256:7a9a58472e23112043e9a36e048241bccc3fd211f066fba778c070f0eafa35c8", size = 3927796, upload-time = "2024-10-10T22:38:29.762Z" },
    { url = "https://files.pythonhosted.org/packages/ca/b9/bdcc6a64eaa8e15d478bb3ca05c99a9449cb90ac7680f120438ee704d372/confluent_kafka-2.6.0-cp311-cp311-win_amd64.whl", hash = "sha256:c134c1afdc6c83c82228a3bec9550a62748ec4cd9b6913efed4f4e903db321cc", size = 3558976, upload-time = "2024-10-10T22:38:32.591Z" },
]

[[package]]
name = "idna"
version = "3.20"
source = { registry = "https://pypi.org/simple" }
sdist = { url = "https://files.pythonhosted.org/packages/f5/08/8eea9d4b8302028f3abb2c0813953f7aec26d33b7a8960ed760e65ff29fa/idna-3.20.tar.gz", hash = "sha256:a7db850025b95ded1eae8a46181a1a6c56c92c96f0e2b005d9ff8dc0210cab44", size = 216463, upload-time = "2026-09-17T14:11:04.752Z" }
wheels = [
    { url = "https://files.pythonhosted.org/packages/58/a2/bb081bab032533a855d44de1d56f8e8426114ff1ba5d1f07a438a0a654f8/idna-3.20-py3-none-any.whl", hash = "sha256:ab7ae7122974553370f0bdb919e1a960b2cd1bc1ef0276416d896db81c14582c", size = 69583, upload-time = "2026-09-17T14:11:03.168Z" },
]

[[package]]
name = "iniconfig"
version = "2.3.0"
source = { registry = "https://pypi.org/simple" }
sdist = { url = "https://files.pythonhosted.org/packages/72/34/14ca021ce8e5dfedc35312d08ba8bf51fdd999c576889fc2c24cb97f4f10/iniconfig-2.3.0.tar.gz", hash = "sha256:c76315c77db068650d49c5b56314774a7804df16fee4402c1f19d6d15d8c4730", size = 20503, upload-time = "2025-10-18T21:55:43.219Z" }
wheels = [
    { url = "https://files.pythonhosted.org/packages/cb/b1/3846dd7f199d53cb17f49cba7e651e9ce294d8497c8c150530ed11865bb8/iniconfig-2.3.0-py3-none-any.whl", hash = "sha256:f631c04d2c48c52b84d0d0549c99ff3859c98df65b3101406327ecc7d53fbf12", size = 7484, upload-time = "2025-10-18T21:55:41.639Z" },
]

[[package]]
name = "orjson"
version = "3.10.11"
source = { registry = "https://pypi.org/simple" }
sdist = { url = "https://files.pythonhosted.org/packages/db/3a/10320029954badc7eaa338a15ee279043436f396e965dafc169610e4933f/orjson-3.10.11.tar.gz", hash = "sha256:e35b6d730de6384d5b2dab5fd23f0d76fae8bbc8c353c2f78210aa5fa4beb3ef", size = 5444879, upload-time = "2024-11-02T00:52:10.129Z" }
wheels = [
    { url = "https://files.pythonhosted.org/packages/1e/25/c869a1fbd481dcb02c70032fd6a7243de7582bc48c7cae03d6f0985a11c0/orjson-3.10.11-cp311-cp311-macosx_10_15_x86_64.macosx_11_0_arm64.macosx_10_15_universal2.whl", hash = "sha256:1444f9cb7c14055d595de1036f74ecd6ce15f04a715e73f33bb6326c9cef01b6", size = 266432, upload-time = "2024-11-02T00:51:06.058Z" },
    { url = "https://files.pythonhosted.org/packages/6a/a4/2307155ee92457d28345308f7d8c0e712348404723025613adeffcb531d0/orjson-3.10.11-cp311-cp311-manylinux_2_17_aarch64.manylinux2014_aarch64.whl", hash = "sha256:cdec57fe3b4bdebcc08a946db3365630332dbe575125ff3d80a3272ebd0ddafe", size = 151884, upload-time = "2024-11-02T00:51:08.303Z" },
    { url = "https://files.pythonhosted.org/packages/aa/82/daf1b2596dd49fe44a1bd92367568faf6966dcb5d7f99fd437c3d0dc2de6/orjson-3.10.11-cp311-cp311-manylinux_2_17_armv7l.manylinux2014_armv7l.whl", hash = "sha256:4eed32f33a0ea6ef36ccc1d37f8d17f28a1d6e8eefae5928f76aff8f1df85e67", size = 167371, upload-time = "2024-11-02T00:51:10.148Z" },
    { url = "https://files.pythonhosted.org/packages/63/a8/680578e4589be5fdcfe0186bdd7dc6fe4a39d30e293a9da833cbedd5a56e/orjson-3.10.11-cp311-cp311-manylinux_2_17_ppc64le.manylinux2014_ppc64le.whl", hash = "sha256:80df27dd8697242b904f4ea54820e2d98d3f51f91e97e358fc13359721233e4b", size = 154368, upload-time = "2024-11-02T00:51:13.414Z" },
    { url = "https://files.pythonhosted.org/packages/6e/ce/9cb394b5b01ef34579eeca6d704b21f97248f607067ce95a24ba9ea2698e/orjson-3.10.11-cp311-cp311-manylinux_2_17_s390x.manylinux2014_s390x.whl", hash = "sha256:705f03cee0cb797256d54de6695ef219e5bc8c8120b6654dd460848d57a9af3d", size = 165725, upload-time = "2024-11-02T00:51:15.432Z" },
    { url = "https://files.pythonhosted.org/packages/49/24/55eeb05cfb36b9e950d05743e6f6fdb7d5f33ca951a27b06ea6d03371aed/orjson-3.10.11-cp311-cp311-manylinux_2_17_x86_64.manylinux2014_x86_64.whl", hash = "sha256:03246774131701de8e7059b2e382597da43144a9a7400f178b2a32feafc54bd5", size = 142522, upload-time = "2024-11-02T00:51:16.893Z" },
    { url = "https://files.pythonhosted.org/packages/94/0c/3a6a289e56dcc9fe67dc6b6d33c91dc5491f9ec4a03745efd739d2acf0ff/orjson-3.10.11-cp311-cp311-musllinux_1_2_aarch64.whl", hash = "sha256:8b5759063a6c940a69c728ea70d7c33583991c6982915a839c8da5f957e0103a", size = 146934, upload-time = "2024-11-02T00:51:18.158Z" },
    { url = "https://files.pythonhosted.org/packages/1d/5c/a08c0e90a91e2526029a4681ff8c6fc4495b8bab77d48801144e378c7da9/orjson-3.10.11-cp311-cp311-musllinux_1_2_x86_64.whl", hash = "sha256:677f23e32491520eebb19c99bb34675daf5410c449c13416f7f0d93e2cf5f981", size = 142904, upload-time = "2024-11-02T00:51:19.512Z" },
    { url = "https://files.pythonhosted.org/packages/2c/c9/710286a60b14e88288ca014d43befb08bb0a4a6a0f51b875f8c2f05e8205/orjson-3.10.11-cp311-none-win32.whl", hash = "sha256:a11225d7b30468dcb099498296ffac36b4673a8398ca30fdaec1e6c20df6aa55", size = 144459, upload-time = "2024-11-01T23:53:20.741Z" },
    { url = "https://files.pythonhosted.org/packages/7d/68/ef7b920e0a09e02b1a30daca1b4864938463797995c2fabe457c1500220a/orjson-3.10.11-cp311-none-win_amd64.whl", hash = "sha256:df8c677df2f9f385fcc85ab859704045fa88d4668bc9991a527c86e710392bec", size = 136444, upload-time = "2024-11-01T23:49:41.176Z" },
]

[[package]]
name = "packaging"
version = "26.3"
source = { registry = "https://pypi.org/simple" }
sdist = { url = "https://files.pythonhosted.org/packages/7d/fa/3944b40b07da9ce895c0e6303a5ab7d53da063554f534556b134a54d6093/packaging-26.3.tar.gz", hash = "sha256:94edc256424af38762eb31306eed28beb9f0efc50a8837492c9d6fd6004aed79", size = 313412, upload-time = "2026-08-04T18:15:28.737Z" }
wheels = [
    { url = "https://files.pythonhosted.org/packages/63/34/ba1c580383c9eada3711951fef0795c80b829a078d72188184bcab9dd527/packaging-26.3-py3-none-any.whl", hash = "sha256:d7193f7c8e4e93f444fde0262bf90af30e16fa0ad0ad44cb553c87339b23cd1c", size = 129956, upload-time = "2026-08-04T18:15:27.159Z" },
]

[[package]]
name = "pluggy"
version = "1.6.0"
source = { registry = "https://pypi.org/simple" }
sdist = { url = "https://files.pythonhosted.org/packages/f9/e2/3e91f31a7d2b083fe6ef3fa267035b518369d9511ffab804f839851d2779/pluggy-1.6.0.tar.gz", hash = "sha256:7dcc130b76258d33b90f61b658791dede3486c3e6bfb003ee5c9bfb396dd22f3", size = 69412, upload-time = "2025-05-15T12:30:07.975Z" }
wheels = [
    { url = "https://files.pythonhosted.org/packages/54/20/4d324d65cc6d9205fabedc306948156824eb9f0ee1633355a8f7ec5c66bf/pluggy-1.6.0-py3-none-any.whl", hash = "sha256:e920276dd6813095e9377c0bc5566d94c932c33b27a3e3945d8389c374dd4746", size = 20538, upload-time = "2025-05-15T12:30:06.134Z" },
]

[[package]]
name = "py4j"
version = "0.10.9.7"
source = { registry = "https://pypi.org/simple" }
sdist = { url = "https://files.pythonhosted.org/packages/1e/f2/b34255180c72c36ff7097f7c2cdca02abcbd89f5eebf7c7c41262a9a0637/py4j-0.10.9.7.tar.gz", hash = "sha256:0b6e5315bb3ada5cf62ac651d107bb2ebc02def3dee9d9548e3baac644ea8dbb", size = 1508234, upload-time = "2022-08-12T22:49:09.792Z" }
wheels = [
    { url = "https://files.pythonhosted.org/packages/10/30/a58b32568f1623aaad7db22aa9eafc4c6c194b429ff35bdc55ca2726da47/py4j-0.10.9.7-py2.py3-none-any.whl", hash = "sha256:85defdfd2b2376eb3abf5ca6474b51ab7e0de341c75a02f46dc9b5976f5a5c1b", size = 200481, upload-time = "2022-08-12T22:49:07.05Z" },
]

[[package]]
name = "pydantic"
version = "2.9.2"
source = { registry = "https://pypi.org/simple" }
dependencies = [
    { name = "annotated-types" },
    { name = "pydantic-core" },
    { name = "typing-extensions" },
]
sdist = { url = "https://files.pythonhosted.org/packages/a9/b7/d9e3f12af310e1120c21603644a1cd86f59060e040ec5c3a80b8f05fae30/pydantic-2.9.2.tar.gz", hash = "sha256:d155cef71265d1e9807ed1c32b4c8deec042a44a50a4188b25ac67ecd81a9c0f", size = 769917, upload-time = "2024-09-17T15:59:54.273Z" }
wheels = [
    { url = "https://files.pythonhosted.org/packages/df/e4/ba44652d562cbf0bf320e0f3810206149c8a4e99cdbf66da82e97ab53a15/pydantic-2.9.2-py3-none-any.whl", hash = "sha256:f048cec7b26778210e28a0459867920654d48e5e62db0958433636cde4254f12", size = 434928, upload-time = "2024-09-17T15:59:51.827Z" },
]

[[package]]
name = "pydantic-core"
version = "2.23.4"
source = { registry = "https://pypi.org/simple" }
dependencies = [
    { name = "typing-extensions" },
]
sdist = { url = "https://files.pythonhosted.org/packages/e2/aa/6b6a9b9f8537b872f552ddd46dd3da230367754b6f707b8e1e963f515ea3/pydantic_core-2.23.4.tar.gz", hash = "sha256:2584f7cf844ac4d970fba483a717dbe10c1c1c96a969bf65d61ffe94df1b2863", size = 402156, upload-time = "2024-09-16T16:06:44.786Z" }
wheels = [
    { url = "https://files.pythonhosted.org/packages/5d/30/890a583cd3f2be27ecf32b479d5d615710bb926d92da03e3f7838ff3e58b/pydantic_core-2.23.4-cp311-cp311-macosx_10_12_x86_64.whl", hash = "sha256:77733e3892bb0a7fa797826361ce8a9184d25c8dffaec60b7ffe928153680ba8", size = 1865160, upload-time = "2024-09-16T16:04:18.628Z" },
    { url = "https://files.pythonhosted.org/packages/1d/9a/b634442e1253bc6889c87afe8bb59447f106ee042140bd57680b3b113ec7/pydantic_core-2.23.4-cp311-cp311-macosx_11_0_arm64.whl", hash = "sha256:1b84d168f6c48fabd1f2027a3d1bdfe62f92cade1fb273a5d68e621da0e44e6d", size = 1776777, upload-time = "2024-09-16T16:04:20.038Z" },
    { url = "https://files.pythonhosted.org/packages/75/9a/7816295124a6b08c24c96f9ce73085032d8bcbaf7e5a781cd41aa910c891/pydantic_core-2.23.4-cp311-cp311-manylinux_2_17_aarch64.manylinux2014_aarch64.whl", hash = "sha256:df49e7a0861a8c36d089c1ed57d308623d60416dab2647a4a17fe050ba85de0e", size = 1799244, upload-time = "2024-09-16T16:04:21.799Z" },
    { url = "https://files.pythonhosted.org/packages/a9/8f/89c1405176903e567c5f99ec53387449e62f1121894aa9fc2c4fdc51a59b/pydantic_core-2.23.4-cp311-cp311-manylinux_2_17_armv7l.manylinux2014_armv7l.whl", hash = "sha256:ff02b6d461a6de369f07ec15e465a88895f3223eb75073ffea56b84d9331f607", size = 1805307, upload-time = "2024-09-16T16:04:23.324Z" },
    { url = "https://files.pythonhosted.org/packages/d5/a5/1a194447d0da1ef492e3470680c66048fef56fc1f1a25cafbea4bc1d1c48/pydantic_core-2.23.4-cp311-cp311-manylinux_2_17_ppc64le.manylinux2014_ppc64le.whl", hash = "sha256:996a38a83508c54c78a5f41456b0103c30508fed9abcad0a59b876d7398f25fd", size = 2000663, upload-time = "2024-09-16T16:04:25.203Z" },
    { url = "https://files.pythonhosted.org/packages/13/a5/1df8541651de4455e7d587cf556201b4f7997191e110bca3b589218745a5/pydantic_core-2.23.4-cp311-cp311-manylinux_2_17_s390x.manylinux2014_s390x.whl", hash = "sha256:d97683ddee4723ae8c95d1eddac7c192e8c552da0c73a925a89fa8649bf13eea", size = 2655941, upload-time = "2024-09-16T16:04:27.211Z" },
    { url = "https://files.pythonhosted.org/packages/44/31/a3899b5ce02c4316865e390107f145089876dff7e1dfc770a231d836aed8/pydantic_core-2.23.4-cp311-cp311-manylinux_2_17_x86_64.manylinux2014_x86_64.whl", hash = "sha256:216f9b2d7713eb98cb83c80b9c794de1f6b7e3145eef40400c62e86cee5f4e1e", size = 2052105, upload-time = "2024-09-16T16:04:28.611Z" },
    { url = "https://files.pythonhosted.org/packages/1b/aa/98e190f8745d5ec831f6d5449344c48c0627ac5fed4e5340a44b74878f8e/pydantic_core-2.23.4-cp311-cp311-manylinux_2_5_i686.manylinux1_i686.whl", hash = "sha256:6f783e0ec4803c787bcea93e13e9932edab72068f68ecffdf86a99fd5918878b", size = 1919967, upload-time = "2024-09-16T16:04:30.045Z" },
    { url = "https://files.pythonhosted.org/packages/ae/35/b6e00b6abb2acfee3e8f85558c02a0822e9a8b2f2d812ea8b9079b118ba0/pydantic_core-2.23.4-cp311-cp311-musllinux_1_1_aarch64.whl", hash = "sha256:d0776dea117cf5272382634bd2a5c1b6eb16767c223c6a5317cd3e2a757c61a0", size = 1964291, upload-time = "2024-09-16T16:04:32.376Z" },
    { url = "https://files.pythonhosted.org/packages/13/46/7bee6d32b69191cd649bbbd2361af79c472d72cb29bb2024f0b6e350ba06/pydantic_core-2.23.4-cp311-cp311-musllinux_1_1_x86_64.whl", hash = "sha256:d5f7a395a8cf1621939692dba2a6b6a830efa6b3cee787d82c7de1ad2930de64", size = 2109666, upload-time = "2024-09-16T16:04:33.923Z" },
    { url = "https://files.pythonhosted.org/packages/39/ef/7b34f1b122a81b68ed0a7d0e564da9ccdc9a2924c8d6c6b5b11fa3a56970/pydantic_core-2.23.4-cp311-none-win32.whl", hash = "sha256:74b9127ffea03643e998e0c5ad9bd3811d3dac8c676e47db17b0ee7c3c3bf35f", size = 1732940, upload-time = "2024-09-16T16:04:35.467Z" },
    { url = "https://files.pythonhosted.org/packages/2f/76/37b7e76c645843ff46c1d73e046207311ef298d3f7b2f7d8f6ac60113071/pydantic_core-2.23.4-cp311-none-win_amd64.whl", hash = "sha256:98d134c954828488b153d88ba1f34e14259284f256180ce659e8d83e9c05eaa3", size = 1916804, upload-time = "2024-09-16T16:04:37.06Z" },
]

[[package]]
name = "pydantic-settings"
version = "2.6.1"
source = { registry = "https://pypi.org/simple" }
dependencies = [
    { name = "pydantic" },
    { name = "python-dotenv" },
]
sdist = { url = "https://files.pythonhosted.org/packages/b5/d4/9dfbe238f45ad8b168f5c96ee49a3df0598ce18a0795a983b419949ce65b/pydantic_settings-2.6.1.tar.gz", hash = "sha256:e0f92546d8a9923cb8941689abf85d6601a8c19a23e97a34b2964a2e3f813ca0", size = 75646, upload-time = "2024-11-01T11:00:05.17Z" }
wheels = [
    { url = "https://files.pythonhosted.org/packages/5e/f9/ff95fd7d760af42f647ea87f9b8a383d891cdb5e5dbd4613edaeb094252a/pydantic_settings-2.6.1-py3-none-any.whl", hash = "sha256:7fb0637c786a558d3103436278a7c4f1cfd29ba8973238a50c5bb9a55387da87", size = 28595, upload-time = "2024-11-01T11:00:02.64Z" },
]

[[package]]
name = "pyspark"
version = "3.5.3"
source = { registry = "https://pypi.org/simple" }
dependencies = [
    { name = "py4j" },
]
sdist = { url = "https://files.pythonhosted.org/packages/9a/90/cb80c8cf194958ab9a3242851c62fa5aef1a0b42f2d9642f1e2eca098005/pyspark-3.5.3.tar.gz", hash = "sha256:68b7cc0c0c570a7d8644f49f40d2da8709b01d30c9126cc8cf93b4f84f3d9747", size = 317304325, upload-time = "2024-09-24T00:28:04.861Z" }

[[package]]
name = "pytest"
version = "8.3.3"
source = { registry = "https://pypi.org/simple" }
dependencies = [
    { name = "colorama", marker = "sys_platform == 'win32'" },
    { name = "iniconfig" },
    { name = "packaging" },
    { name = "pluggy" },
]
sdist = { url = "https://files.pythonhosted.org/packages/8b/6c/62bbd536103af674e227c41a8f3dcd022d591f6eed5facb5a0f31ee33bbc/pytest-8.3.3.tar.gz", hash = "sha256:70b98107bd648308a7952b06e6ca9a50bc660be218d53c257cc1fc94fda10181", size = 1442487, upload-time = "2024-09-10T10:52:15.003Z" }
wheels = [
    { url = "https://files.pythonhosted.org/packages/6b/77/7440a06a8ead44c7757a64362dd22df5760f9b12dc5f11b6188cd2fc27a0/pytest-8.3.3-py3-none-any.whl", hash = "sha256:a6853c7375b2663155079443d2e45de913a911a11d669df02a50814944db57b2", size = 342341, upload-time = "2024-09-10T10:52:12.54Z" },
]

[[package]]
name = "pytest-asyncio"
version = "0.24.0"
source = { registry = "https://pypi.org/simple" }
dependencies = [
    { name = "pytest" },
]
sdist = { url = "https://files.pythonhosted.org/packages/52/6d/c6cf50ce320cf8611df7a1254d86233b3df7cc07f9b5f5cbcb82e08aa534/pytest_asyncio-0.24.0.tar.gz", hash = "sha256:d081d828e576d85f875399194281e92bf8a68d60d72d1a2faf2feddb6c46b276", size = 49855, upload-time = "2024-08-22T08:03:18.145Z" }
wheels = [
    { url = "https://files.pythonhosted.org/packages/96/31/6607dab48616902f76885dfcf62c08d929796fc3b2d2318faf9fd54dbed9/pytest_asyncio-0.24.0-py3-none-any.whl", hash = "sha256:a811296ed596b69bf0b6f3dc40f83bcaf341b155a269052d82efa2b25ac7037b", size = 18024, upload-time = "2024-08-22T08:03:15.536Z" },
]

[[package]]
name = "python-dotenv"
version = "1.2.2"
source = { registry = "https://pypi.org/simple" }
sdist = { url = "https://files.pythonhosted.org/packages/82/ed/0301aeeac3e5353ef3d94b6ec08bbcabd04a72018415dcb29e588514bba8/python_dotenv-1.2.2.tar.gz", hash = "sha256:2c371a91fbd7ba082c2c1dc1f8bf89ca22564a087c2c287cd9b662adde799cf3", size = 50135, upload-time = "2026-03-01T16:00:26.196Z" }
wheels = [
    { url = "https://files.pythonhosted.org/packages/0b/d7/1959b9648791274998a9c3526f6d0ec8fd2233e4d4acce81bbae76b44b2a/python_dotenv-1.2.2-py3-none-any.whl", hash = "sha256:1d8214789a24de455a8b8bd8ae6fe3c6b69a5e3d64aa8a8e5d68e694bbcb285a", size = 22101, upload-time = "2026-03-01T16:00:25.09Z" },
]

[[package]]
name = "realtime-fraud-platform"
version = "0.1.0"
source = { virtual = "." }
dependencies = [
    { name = "confluent-kafka" },
    { name = "orjson" },
    { name = "pydantic" },
    { name = "pydantic-settings" },
    { name = "pyspark" },
    { name = "requests" },
    { name = "tenacity" },
    { name = "websockets" },
]

[package.dev-dependencies]
dev = [
    { name = "pytest" },
    { name = "pytest-asyncio" },
    { name = "ruff" },
]

[package.metadata]
requires-dist = [
    { name = "confluent-kafka", specifier = "==2.6.0" },
    { name = "orjson", specifier = "==3.10.11" },
    { name = "pydantic", specifier = "==2.9.2" },
    { name = "pydantic-settings", specifier = "==2.6.1" },
    { name = "pyspark", specifier = "==3.5.3" },
    { name = "requests", specifier = "==2.32.3" },
    { name = "tenacity", specifier = "==9.0.0" },
    { name = "websockets", specifier = "==13.1" },
]

[package.metadata.requires-dev]
dev = [
    { name = "pytest", specifier = "==8.3.3" },
    { name = "pytest-asyncio", specifier = "==0.24.0" },
    { name = "ruff", specifier = "==0.7.4" },
]

[[package]]
name = "requests"
version = "2.32.3"
source = { registry = "https://pypi.org/simple" }
dependencies = [
    { name = "certifi" },
    { name = "charset-normalizer" },
    { name = "idna" },
    { name = "urllib3" },
]
sdist = { url = "https://files.pythonhosted.org/packages/63/70/2bf7780ad2d390a8d301ad0b550f1581eadbd9a20f896afe06353c2a2913/requests-2.32.3.tar.gz", hash = "sha256:55365417734eb18255590a9ff9eb97e9e1da868d4ccd6402399eaf68af20a760", size = 131218, upload-time = "2024-05-29T15:37:49.536Z" }
wheels = [
    { url = "https://files.pythonhosted.org/packages/f9/9b/335f9764261e915ed497fcdeb11df5dfd6f7bf257d4a6a2a686d80da4d54/requests-2.32.3-py3-none-any.whl", hash = "sha256:70761cfe03c773ceb22aa2f671b4757976145175cdfca038c02654d061d6dcc6", size = 64928, upload-time = "2024-05-29T15:37:47.027Z" },
]

[[package]]
name = "ruff"
version = "0.7.4"
source = { registry = "https://pypi.org/simple" }
sdist = { url = "https://files.pythonhosted.org/packages/0b/8b/bc4e0dfa1245b07cf14300e10319b98e958a53ff074c1dd86b35253a8c2a/ruff-0.7.4.tar.gz", hash = "sha256:cd12e35031f5af6b9b93715d8c4f40360070b2041f81273d0527683d5708fce2", size = 3275547, upload-time = "2024-11-15T11:33:11.853Z" }
wheels = [
    { url = "https://files.pythonhosted.org/packages/e6/4b/f5094719e254829766b807dadb766841124daba75a37da83e292ae5ad12f/ruff-0.7.4-py3-none-linux_armv6l.whl", hash = "sha256:a4919925e7684a3f18e18243cd6bea7cfb8e968a6eaa8437971f681b7ec51478", size = 10447512, upload-time = "2024-11-15T11:32:27.812Z" },
    { url = "https://files.pythonhosted.org/packages/9e/1d/3d2d2c9f601cf6044799c5349ff5267467224cefed9b35edf5f1f36486e9/ruff-0.7.4-py3-none-macosx_10_12_x86_64.whl", hash = "sha256:cfb365c135b830778dda8c04fb7d4280ed0b984e1aec27f574445231e20d6c63", size = 10235436, upload-time = "2024-11-15T11:32:30.6Z" },
    { url = "https://files.pythonhosted.org/packages/62/83/42a6ec6216ded30b354b13e0e9327ef75a3c147751aaf10443756cb690e9/ruff-0.7.4-py3-none-macosx_11_0_arm64.whl", hash = "sha256:63a569b36bc66fbadec5beaa539dd81e0527cb258b94e29e0531ce41bacc1f20", size = 9888936, upload-time = "2024-11-15T11:32:33.287Z" },
    { url = "https://files.pythonhosted.org/packages/4d/26/e1e54893b13046a6ad05ee9b89ee6f71542ba250f72b4c7a7d17c3dbf73d/ruff-0.7.4-py3-none-manylinux_2_17_aarch64.manylinux2014_aarch64.whl", hash = "sha256:0d06218747d361d06fd2fdac734e7fa92df36df93035db3dc2ad7aa9852cb109", size = 10697353, upload-time = "2024-11-15T11:32:35.895Z" },
    { url = "https://files.pythonhosted.org/packages/21/24/98d2e109c4efc02bfef144ec6ea2c3e1217e7ce0cfddda8361d268dfd499/ruff-0.7.4-py3-none-manylinux_2_17_armv7l.manylinux2014_armv7l.whl", hash = "sha256:e0cea28d0944f74ebc33e9f934238f15c758841f9f5edd180b5315c203293452", size = 10228078, upload-time = "2024-11-15T11:32:40.929Z" },
    { url = "https://files.pythonhosted.org/packages/ad/b7/964c75be9bc2945fc3172241b371197bb6d948cc69e28bc4518448c368f3/ruff-0.7.4-py3-none-manylinux_2_17_i686.manylinux2014_i686.whl", hash = "sha256:80094ecd4793c68b2571b128f91754d60f692d64bc0d7272ec9197fdd09bf9ea", size = 11264823, upload-time = "2024-11-15T11:32:43.31Z" },
    { url = "https://files.pythonhosted.org/packages/12/8d/20abdbf705969914ce40988fe71a554a918deaab62c38ec07483e77866f6/ruff-0.7.4-py3-none-manylinux_2_17_ppc64.manylinux2014_ppc64.whl", hash = "sha256:997512325c6620d1c4c2b15db49ef59543ef9cd0f4aa8065ec2ae5103cedc7e7", size = 11951855, upload-time = "2024-11-15T11:32:46.038Z" },
    { url = "https://files.pythonhosted.org/packages/b8/fc/6519ce58c57b4edafcdf40920b7273dfbba64fc6ebcaae7b88e4dc1bf0a8/ruff-0.7.4-py3-none-manylinux_2_17_ppc64le.manylinux2014_ppc64le.whl", hash = "sha256:00b4cf3a6b5fad6d1a66e7574d78956bbd09abfd6c8a997798f01f5da3d46a05", size = 11516580, upload-time = "2024-11-15T11:32:48.17Z" },
    { url = "https://files.pythonhosted.org/packages/37/1a/5ec1844e993e376a86eb2456496831ed91b4398c434d8244f89094758940/ruff-0.7.4-py3-none-manylinux_2_17_s390x.manylinux2014_s390x.whl", hash = "sha256:7dbdc7d8274e1422722933d1edddfdc65b4336abf0b16dfcb9dedd6e6a517d06", size = 12692057, upload-time = "2024-11-15T11:32:50.623Z" },
    { url = "https://files.pythonhosted.org/packages/50/90/76867152b0d3c05df29a74bb028413e90f704f0f6701c4801174ba47f959/ruff-0.7.4-py3-none-manylinux_2_17_x86_64.manylinux2014_x86_64.whl", hash = "sha256:0e92dfb5f00eaedb1501b2f906ccabfd67b2355bdf117fea9719fc99ac2145bc", size = 11085137, upload-time = "2024-11-15T11:32:52.819Z" },
    { url = "https://files.pythonhosted.org/packages/c8/eb/0a7cb6059ac3555243bd026bb21785bbc812f7bbfa95a36c101bd72b47ae/ruff-0.7.4-py3-none-musllinux_1_2_aarch64.whl", hash = "sha256:3bd726099f277d735dc38900b6a8d6cf070f80828877941983a57bca1cd92172", size = 10681243, upload-time = "2024-11-15T11:32:55.902Z" },
    { url = "https://files.pythonhosted.org/packages/5e/76/2270719dbee0fd35780b05c08a07b7a726c3da9f67d9ae89ef21fc18e2e5/ruff-0.7.4-py3-none-musllinux_1_2_armv7l.whl", hash = "sha256:2e32829c429dd081ee5ba39aef436603e5b22335c3d3fff013cd585806a6486a", size = 10319187, upload-time = "2024-11-15T11:32:58.255Z" },
    { url = "https://files.pythonhosted.org/packages/9f/e5/39100f72f8ba70bec1bd329efc880dea8b6c1765ea1cb9d0c1c5f18b8d7f/ruff-0.7.4-py3-none-musllinux_1_2_i686.whl", hash = "sha256:662a63b4971807623f6f90c1fb664613f67cc182dc4d991471c23c541fee62dd", size = 10803715, upload-time = "2024-11-15T11:33:00.88Z" },
    { url = "https://files.pythonhosted.org/packages/a5/89/40e904784f305fb56850063f70a998a64ebba68796d823dde67e89a24691/ruff-0.7.4-py3-none-musllinux_1_2_x86_64.whl", hash = "sha256:876f5e09eaae3eb76814c1d3b68879891d6fde4824c015d48e7a7da4cf066a3a", size = 11162912, upload-time = "2024-11-15T11:33:03.097Z" },
    { url = "https://files.pythonhosted.org/packages/8d/1b/dd77503b3875c51e3dbc053fd8367b845ab8b01c9ca6d0c237082732856c/ruff-0.7.4-py3-none-win32.whl", hash = "sha256:75c53f54904be42dd52a548728a5b572344b50d9b2873d13a3f8c5e3b91f5cac", size = 8702767, upload-time = "2024-11-15T11:33:05.15Z" },
    { url = "https://files.pythonhosted.org/packages/63/76/253ddc3e89e70165bba952ecca424b980b8d3c2598ceb4fc47904f424953/ruff-0.7.4-py3-none-win_amd64.whl", hash = "sha256:745775c7b39f914238ed1f1b0bebed0b9155a17cd8bc0b08d3c87e4703b990d6", size = 9497534, upload-time = "2024-11-15T11:33:07.359Z" },
    { url = "https://files.pythonhosted.org/packages/aa/70/f8724f31abc0b329ca98b33d73c14020168babcf71b0cba3cded5d9d0e66/ruff-0.7.4-py3-none-win_arm64.whl", hash = "sha256:11bff065102c3ae9d3ea4dc9ecdfe5a5171349cdd0787c1fc64761212fc9cf1f", size = 8851590, upload-time = "2024-11-15T11:33:09.664Z" },
]

[[package]]
name = "tenacity"
version = "9.0.0"
source = { registry = "https://pypi.org/simple" }
sdist = { url = "https://files.pythonhosted.org/packages/cd/94/91fccdb4b8110642462e653d5dcb27e7b674742ad68efd146367da7bdb10/tenacity-9.0.0.tar.gz", hash = "sha256:807f37ca97d62aa361264d497b0e31e92b8027044942bfa756160d908320d73b", size = 47421, upload-time = "2024-07-29T12:12:27.547Z" }
wheels = [
    { url = "https://files.pythonhosted.org/packages/b6/cb/b86984bed139586d01532a587464b5805f12e397594f19f931c4c2fbfa61/tenacity-9.0.0-py3-none-any.whl", hash = "sha256:93de0c98785b27fcf659856aa9f54bfbd399e29969b0621bc7f762bd441b4539", size = 28169, upload-time = "2024-07-29T12:12:25.825Z" },
]

[[package]]
name = "typing-extensions"
version = "4.16.0"
source = { registry = "https://pypi.org/simple" }
sdist = { url = "https://files.pythonhosted.org/packages/f6/cc/6253133b5bb138fc3306cebfbda2c520f545d36b5be2c7255cc528bb45d6/typing_extensions-4.16.0.tar.gz", hash = "sha256:dc983d19a509c94dba722ee6abd33940f7c05a89e243c47e907eb4db6f1a43e5", size = 113555, upload-time = "2026-07-02T08:40:05.92Z" }
wheels = [
    { url = "https://files.pythonhosted.org/packages/49/d3/b8441a820a491ddfc024b0b0cf0393375b75ea13866d9c66727e54c2fc80/typing_extensions-4.16.0-py3-none-any.whl", hash = "sha256:481caa481374e813c1b176ada14e97f1f67a4539ce9cfeb3f350d78d6370c2e8", size = 45571, upload-time = "2026-07-02T08:40:04.659Z" },
]

[[package]]
name = "urllib3"
version = "2.8.0"
source = { registry = "https://pypi.org/simple" }
sdist = { url = "https://files.pythonhosted.org/packages/e3/05/b17359e1cefb4f909b5e40b1b90a496d987258916dbbf88e842c729f510e/urllib3-2.8.0.tar.gz", hash = "sha256:63bf2ead4c879426ebf22ef2a781eeb4aa3b4ae798a0435506f8687fd5bb9b63", size = 458972, upload-time = "2026-09-15T19:29:36.253Z" }
wheels = [
    { url = "https://files.pythonhosted.org/packages/92/9d/c4e665119135114480843e7ab388fa94d8480650450e6f8e26b70d323a4c/urllib3-2.8.0-py3-none-any.whl", hash = "sha256:0cf3cae568d36aa9576b28dfb35f11328f1cb974ca7647d9475ebb86c75ac6e3", size = 135717, upload-time = "2026-09-15T19:29:34.577Z" },
]

[[package]]
name = "websockets"
version = "13.1"
source = { registry = "https://pypi.org/simple" }
sdist = { url = "https://files.pythonhosted.org/packages/e2/73/9223dbc7be3dcaf2a7bbf756c351ec8da04b1fa573edaf545b95f6b0c7fd/websockets-13.1.tar.gz", hash = "sha256:a3b3366087c1bc0a2795111edcadddb8b3b59509d5db5d7ea3fdd69f954a8878", size = 158549, upload-time = "2024-09-21T17:34:21.54Z" }
wheels = [
    { url = "https://files.pythonhosted.org/packages/b2/f0/cf0b8a30d86b49e267ac84addbebbc7a48a6e7bb7c19db80f62411452311/websockets-13.1-cp311-cp311-macosx_10_9_universal2.whl", hash = "sha256:61fc0dfcda609cda0fc9fe7977694c0c59cf9d749fbb17f4e9483929e3c48a19", size = 157813, upload-time = "2024-09-21T17:32:42.188Z" },
    { url = "https://files.pythonhosted.org/packages/bf/e7/22285852502e33071a8cf0ac814f8988480ec6db4754e067b8b9d0e92498/websockets-13.1-cp311-cp311-macosx_10_9_x86_64.whl", hash = "sha256:ceec59f59d092c5007e815def4ebb80c2de330e9588e101cf8bd94c143ec78a5", size = 155469, upload-time = "2024-09-21T17:32:43.858Z" },
    { url = "https://files.pythonhosted.org/packages/68/d4/c8c7c1e5b40ee03c5cc235955b0fb1ec90e7e37685a5f69229ad4708dcde/websockets-13.1-cp311-cp311-macosx_11_0_arm64.whl", hash = "sha256:c1dca61c6db1166c48b95198c0b7d9c990b30c756fc2923cc66f68d17dc558fd", size = 155717, upload-time = "2024-09-21T17:32:44.914Z" },
    { url = "https://files.pythonhosted.org/packages/c9/e4/c50999b9b848b1332b07c7fd8886179ac395cb766fda62725d1539e7bc6c/websockets-13.1-cp311-cp311-manylinux_2_17_aarch64.manylinux2014_aarch64.whl", hash = "sha256:308e20f22c2c77f3f39caca508e765f8725020b84aa963474e18c59accbf4c02", size = 165379, upload-time = "2024-09-21T17:32:45.933Z" },
    { url = "https://files.pythonhosted.org/packages/bc/49/4a4ad8c072f18fd79ab127650e47b160571aacfc30b110ee305ba25fffc9/websockets-13.1-cp311-cp311-manylinux_2_5_i686.manylinux1_i686.manylinux_2_17_i686.manylinux2014_i686.whl", hash = "sha256:62d516c325e6540e8a57b94abefc3459d7dab8ce52ac75c96cad5549e187e3a7", size = 164376, upload-time = "2024-09-21T17:32:46.987Z" },
    { url = "https://files.pythonhosted.org/packages/af/9b/8c06d425a1d5a74fd764dd793edd02be18cf6fc3b1ccd1f29244ba132dc0/websockets-13.1-cp311-cp311-manylinux_2_5_x86_64.manylinux1_x86_64.manylinux_2_17_x86_64.manylinux2014_x86_64.whl", hash = "sha256:87c6e35319b46b99e168eb98472d6c7d8634ee37750d7693656dc766395df096", size = 164753, upload-time = "2024-09-21T17:32:48.046Z" },
    { url = "https://files.pythonhosted.org/packages/d5/5b/0acb5815095ff800b579ffc38b13ab1b915b317915023748812d24e0c1ac/websockets-13.1-cp311-cp311-musllinux_1_2_aarch64.whl", hash = "sha256:5f9fee94ebafbc3117c30be1844ed01a3b177bb6e39088bc6b2fa1dc15572084", size = 165051, upload-time = "2024-09-21T17:32:49.271Z" },
    { url = "https://files.pythonhosted.org/packages/30/93/c3891c20114eacb1af09dedfcc620c65c397f4fd80a7009cd12d9457f7f5/websockets-13.1-cp311-cp311-musllinux_1_2_i686.whl", hash = "sha256:7c1e90228c2f5cdde263253fa5db63e6653f1c00e7ec64108065a0b9713fa1b3", size = 164489, upload-time = "2024-09-21T17:32:50.392Z" },
    { url = "https://files.pythonhosted.org/packages/28/09/af9e19885539759efa2e2cd29b8b3f9eecef7ecefea40d46612f12138b36/websockets-13.1-cp311-cp311-musllinux_1_2_x86_64.whl", hash = "sha256:6548f29b0e401eea2b967b2fdc1c7c7b5ebb3eeb470ed23a54cd45ef078a0db9", size = 164438, upload-time = "2024-09-21T17:32:52.223Z" },
    { url = "https://files.pythonhosted.org/packages/b6/08/6f38b8e625b3d93de731f1d248cc1493327f16cb45b9645b3e791782cff0/websockets-13.1-cp311-cp311-win32.whl", hash = "sha256:c11d4d16e133f6df8916cc5b7e3e96ee4c44c936717d684a94f48f82edb7c92f", size = 158710, upload-time = "2024-09-21T17:32:53.244Z" },
    { url = "https://files.pythonhosted.org/packages/fb/39/ec8832ecb9bb04a8d318149005ed8cee0ba4e0205835da99e0aa497a091f/websockets-13.1-cp311-cp311-win_amd64.whl", hash = "sha256:d04f13a1d75cb2b8382bdc16ae6fa58c97337253826dfe136195b7f89f661557", size = 159137, upload-time = "2024-09-21T17:32:54.721Z" },
    { url = "https://files.pythonhosted.org/packages/56/27/96a5cd2626d11c8280656c6c71d8ab50fe006490ef9971ccd154e0c42cd2/websockets-13.1-py3-none-any.whl", hash = "sha256:a9a396a6ad26130cdae92ae10c36af09d9bfe6cafe69670fd3b6da9b07b4044f", size = 152134, upload-time = "2024-09-21T17:34:19.904Z" },
]
